{
  "version": 4,
  "terraform_version": "1.0.4",
  "serial": 30,
  "lineage": "1632ded8-5fb2-152d-8909-99eb4abf5670",
  "outputs": {
    "endpoint": {
      "value": "35.197.58.188",
      "type": "string"
    }
  },
  "resources": [
    {
      "mode": "managed",
      "type": "google_compute_network",
      "name": "vpc_network",
      "provider": "provider[\"registry.terraform.io/hashicorp/google\"]",
      "instances": [
        {
          "schema_version": 0,
          "attributes": {
            "auto_create_subnetworks": true,
            "delete_default_routes_on_create": false,
            "description": "",
            "gateway_ipv4": "",
            "id": "projects/tf-gitops-322602/global/networks/terraform-network",
            "mtu": 0,
            "name": "terraform-network",
            "project": "tf-gitops-322602",
            "routing_mode": "REGIONAL",
            "self_link": "https://www.googleapis.com/compute/v1/projects/tf-gitops-322602/global/networks/terraform-network",
            "timeouts": null
          },
          "sensitive_attributes": [],
          "private": "eyJlMmJmYjczMC1lY2FhLTExZTYtOGY4OC0zNDM2M2JjN2M0YzAiOnsiY3JlYXRlIjoyNDAwMDAwMDAwMDAsImRlbGV0ZSI6MjQwMDAwMDAwMDAwLCJ1cGRhdGUiOjI0MDAwMDAwMDAwMH19"
        }
      ]
    },
    {
      "mode": "managed",
      "type": "google_container_cluster",
      "name": "test",
      "provider": "provider[\"registry.terraform.io/hashicorp/google\"]",
      "instances": [
        {
          "schema_version": 1,
          "attributes": {
            "addons_config": [
              {
                "cloudrun_config": [],
                "horizontal_pod_autoscaling": [],
                "http_load_balancing": [],
                "network_policy_config": [
                  {
                    "disabled": true
                  }
                ]
              }
            ],
            "authenticator_groups_config": [],
            "cluster_autoscaling": [
              {
                "auto_provisioning_defaults": [
                  {
                    "oauth_scopes": [
                      "https://www.googleapis.com/auth/devstorage.read_only",
                      "https://www.googleapis.com/auth/logging.write",
                      "https://www.googleapis.com/auth/monitoring",
                      "https://www.googleapis.com/auth/service.management.readonly",
                      "https://www.googleapis.com/auth/servicecontrol",
                      "https://www.googleapis.com/auth/trace.append"
                    ],
                    "service_account": "default"
                  }
                ],
                "enabled": true,
                "resource_limits": [
                  {
                    "maximum": 1000000000,
                    "minimum": 0,
                    "resource_type": "cpu"
                  },
                  {
                    "maximum": 1000000000,
                    "minimum": 0,
                    "resource_type": "memory"
                  }
                ]
              }
            ],
            "cluster_ipv4_cidr": "10.0.128.0/17",
            "database_encryption": [
              {
                "key_name": "",
                "state": "DECRYPTED"
              }
            ],
            "datapath_provider": "",
            "default_max_pods_per_node": 110,
            "default_snat_status": [
              {
                "disabled": false
              }
            ],
            "description": "",
            "enable_autopilot": true,
            "enable_binary_authorization": false,
            "enable_intranode_visibility": true,
            "enable_kubernetes_alpha": false,
            "enable_legacy_abac": false,
            "enable_shielded_nodes": true,
            "enable_tpu": false,
            "endpoint": "35.197.58.188",
            "id": "projects/tf-gitops-322602/locations/us-west1/clusters/test",
            "initial_node_count": 0,
            "instance_group_urls": [],
            "ip_allocation_policy": [
              {
                "cluster_ipv4_cidr_block": "10.0.128.0/17",
                "cluster_secondary_range_name": "gke-test-pods-c7660c36",
                "services_ipv4_cidr_block": "10.1.0.0/22",
                "services_secondary_range_name": "gke-test-services-c7660c36"
              }
            ],
            "label_fingerprint": "a9dc16a7",
            "location": "us-west1",
            "logging_service": "logging.googleapis.com/kubernetes",
            "maintenance_policy": [],
            "master_auth": [
              {
                "client_certificate": "",
                "client_certificate_config": [
                  {
                    "issue_client_certificate": false
                  }
                ],
                "client_key": "",
                "cluster_ca_certificate": "LS0tLS1CRUdJTiBDRVJUSUZJQ0FURS0tLS0tCk1JSURLakNDQWhLZ0F3SUJBZ0lRZmljY2RScnBrNWVCdzZsMldLMWliakFOQmdrcWhraUc5dzBCQVFzRkFEQXYKTVMwd0t3WURWUVFERXlReU1UVXhOemM0T1Mwd1kyVmhMVFF6TUdZdE9UQmpNeTAwTjJWa1lXSmhZVFF6WkdNdwpIaGNOTWpFd09ERXlNakV4TWpRNVdoY05Nall3T0RFeE1qSXhNalE1V2pBdk1TMHdLd1lEVlFRREV5UXlNVFV4Ck56YzRPUzB3WTJWaExUUXpNR1l0T1RCak15MDBOMlZrWVdKaFlUUXpaR013Z2dFaU1BMEdDU3FHU0liM0RRRUIKQVFVQUE0SUJEd0F3Z2dFS0FvSUJBUUN5ekpYdnhkc2dlbTA3aUt4MTJuVjRoWW11V25LK2FkSEZRRlM1NWxGdgpBTnBMb29BZ3Y4WWpZK3psMDE5ZFFsM0o1dEhVVlFtbUlneTMvV2gvUUlMTUZFMWdQZDhJY3d4ODQ2U0FJVE9JClBHQTBsN3VJb2t6U2dRNWNOclVZVnZoVE5vaU9hbFV2d2tZWEJQajBKeVRkbjM1YTJaMGZBeUk1aFhIb1Jqd1UKaGxBSS9YL2xwbkJZRncxVVRqTDAyWmlkSEd1MEtPWEdKVnNYUnhLVzgxb0swSGtjS0NqSkJWdWZJM2xrbktxUQp6bDZBMnIxYzZ6U1ozeE4wWXh6NWcrWFZVT1Vhb1gxTU1TcS96RHVabmp2emtXY2oxYlZIekpjNVVOclFCTnh0CmJUS0RiNllWQ1hhbjN3TFExb3VlY2FndlkxK3ordGNzZ2ROek43dWhmQkh2QWdNQkFBR2pRakJBTUE0R0ExVWQKRHdFQi93UUVBd0lDQkRBUEJnTlZIUk1CQWY4RUJUQURBUUgvTUIwR0ExVWREZ1FXQkJTWXJSVnlqb0txN090aApzRyt1Q2YwQ1JHaVpaREFOQmdrcWhraUc5dzBCQVFzRkFBT0NBUUVBTjVUTTNkTW5DdGlXRUJoT0NaR2VoMlVvCitMU2FDQ1ZITGk2Y0hSRXdiM0ppdVNKaTZtbDcxQjlxOEVOdEg5ZmtzZXRUNVVKbHFRRHR4UW1SMnRBbnB2YVAKdGZ5TWRiejQ1eU5KREQ0d3BFREZCNkRjUFI0eDVSRWEydFA1MCtpY1htTkVDQWt2aW11WjhNcmFoeHpCQXd4dwprbTBFdTNSbmJLSzYrL3dRRnF2WTFNb2RBM1R1dDJ3b1BuN1NKY21Ba1lRdXNUdS85WUxDcTBPRmRHUWhJT25tClFMMGI1RGhlRXdjSWpIQmxndzRNbEVCV2pDOG1hMElPZEw2ZmcrRW92MWhkbWpnbThYaGsrSmo2c3FmS0tRM1MKOUFCY1VqMDVPQ2hIdzhNSXhvSzZPNld3b3F5NXF3YldPR0ZRT05OMHZSdk9nUmcxQ2dPa1hLNC9OTy9tNVE9PQotLS0tLUVORCBDRVJUSUZJQ0FURS0tLS0tCg==",
                "password": "",
                "username": ""
              }
            ],
            "master_authorized_networks_config": [],
            "master_version": "1.20.8-gke.900",
            "min_master_version": null,
            "monitoring_service": "monitoring.googleapis.com/kubernetes",
            "name": "test",
            "network": "projects/tf-gitops-322602/global/networks/terraform-network",
            "network_policy": [
              {
                "enabled": false,
                "provider": "PROVIDER_UNSPECIFIED"
              }
            ],
            "networking_mode": "VPC_NATIVE",
            "node_config": [
              {
                "disk_size_gb": 100,
                "disk_type": "pd-standard",
                "guest_accelerator": [],
                "image_type": "COS_CONTAINERD",
                "labels": {},
                "local_ssd_count": 0,
                "machine_type": "e2-medium",
                "metadata": {
                  "disable-legacy-endpoints": "true"
                },
                "min_cpu_platform": "",
                "oauth_scopes": [
                  "https://www.googleapis.com/auth/devstorage.read_only",
                  "https://www.googleapis.com/auth/logging.write",
                  "https://www.googleapis.com/auth/monitoring",
                  "https://www.googleapis.com/auth/service.management.readonly",
                  "https://www.googleapis.com/auth/servicecontrol",
                  "https://www.googleapis.com/auth/trace.append"
                ],
                "preemptible": false,
                "service_account": "default",
                "shielded_instance_config": [
                  {
                    "enable_integrity_monitoring": true,
                    "enable_secure_boot": true
                  }
                ],
                "tags": [],
                "taint": [],
                "workload_metadata_config": [
                  {
                    "node_metadata": "GKE_METADATA_SERVER"
                  }
                ]
              }
            ],
            "node_locations": [
              "us-west1-a",
              "us-west1-b",
              "us-west1-c"
            ],
            "node_pool": [
              {
                "autoscaling": [
                  {
                    "max_node_count": 1000,
                    "min_node_count": 0
                  }
                ],
                "initial_node_count": 1,
                "instance_group_urls": [],
                "management": [
                  {
                    "auto_repair": true,
                    "auto_upgrade": true
                  }
                ],
                "max_pods_per_node": 32,
                "name": "default-pool",
                "name_prefix": "",
                "node_config": [
                  {
                    "disk_size_gb": 100,
                    "disk_type": "pd-standard",
                    "guest_accelerator": [],
                    "image_type": "COS_CONTAINERD",
                    "labels": {},
                    "local_ssd_count": 0,
                    "machine_type": "e2-medium",
                    "metadata": {
                      "disable-legacy-endpoints": "true"
                    },
                    "min_cpu_platform": "",
                    "oauth_scopes": [
                      "https://www.googleapis.com/auth/devstorage.read_only",
                      "https://www.googleapis.com/auth/logging.write",
                      "https://www.googleapis.com/auth/monitoring",
                      "https://www.googleapis.com/auth/service.management.readonly",
                      "https://www.googleapis.com/auth/servicecontrol",
                      "https://www.googleapis.com/auth/trace.append"
                    ],
                    "preemptible": false,
                    "service_account": "default",
                    "shielded_instance_config": [
                      {
                        "enable_integrity_monitoring": true,
                        "enable_secure_boot": true
                      }
                    ],
                    "tags": [],
                    "taint": [],
                    "workload_metadata_config": [
                      {
                        "node_metadata": "GKE_METADATA_SERVER"
                      }
                    ]
                  }
                ],
                "node_count": 0,
                "node_locations": [
                  "us-west1-a",
                  "us-west1-c"
                ],
                "upgrade_settings": [
                  {
                    "max_surge": 1,
                    "max_unavailable": 0
                  }
                ],
                "version": "1.20.8-gke.900"
              }
            ],
            "node_version": "1.20.8-gke.900",
            "operation": null,
            "pod_security_policy_config": [],
            "private_cluster_config": [],
            "private_ipv6_google_access": "",
            "project": "tf-gitops-322602",
            "release_channel": [
              {
                "channel": "REGULAR"
              }
            ],
            "remove_default_node_pool": null,
            "resource_labels": null,
            "resource_usage_export_config": [],
            "self_link": "https://container.googleapis.com/v1beta1/projects/tf-gitops-322602/locations/us-west1/clusters/test",
            "services_ipv4_cidr": "10.1.0.0/22",
            "subnetwork": "projects/tf-gitops-322602/regions/us-west1/subnetworks/terraform-network",
            "timeouts": null,
            "tpu_ipv4_cidr_block": "",
            "vertical_pod_autoscaling": [
              {
                "enabled": true
              }
            ],
            "workload_identity_config": [
              {
                "identity_namespace": "tf-gitops-322602.svc.id.goog"
              }
            ]
          },
          "sensitive_attributes": [],
          "private": "eyJlMmJmYjczMC1lY2FhLTExZTYtOGY4OC0zNDM2M2JjN2M0YzAiOnsiY3JlYXRlIjoyNDAwMDAwMDAwMDAwLCJkZWxldGUiOjI0MDAwMDAwMDAwMDAsInJlYWQiOjI0MDAwMDAwMDAwMDAsInVwZGF0ZSI6MzYwMDAwMDAwMDAwMH0sInNjaGVtYV92ZXJzaW9uIjoiMSJ9",
          "dependencies": [
            "google_compute_network.vpc_network"
          ]
        }
      ]
    }
  ]
}
